
Microsoft Visual Studio Solution File, Format Version 12.00
# Visual Studio Version 17
VisualStudioVersion = 17.11.35327.3
MinimumVisualStudioVersion = 10.0.40219.1
Project("{FAE04EC0-301F-11D3-BF4B-00C04F79EFBC}") = "_321_Khitrinovich_2UPDEMO_Method", "_321_Khitrinovich_2UPDEMO_Method\_321_Khitrinovich_2UPDEMO_Method.csproj", "{3F874F39-BA98-473B-BB35-354B6726EE01}"
EndProject
Global
	GlobalSection(SolutionConfigurationPlatforms) = preSolution
		Debug|Any CPU = Debug|Any CPU
		Release|Any CPU = Release|Any CPU
	EndGlobalSection
	GlobalSection(ProjectConfigurationPlatforms) = postSolution
		{3F874F39-BA98-473B-BB35-354B6726EE01}.Debug|Any CPU.ActiveCfg = Debug|Any CPU
		{3F874F39-BA98-473B-BB35-354B6726EE01}.Debug|Any CPU.Build.0 = Debug|Any CPU
		{3F874F39-BA98-473B-BB35-354B6726EE01}.Release|Any CPU.ActiveCfg = Release|Any CPU
		{3F874F39-BA98-473B-BB35-354B6726EE01}.Release|Any CPU.Build.0 = Release|Any CPU
	EndGlobalSection
	GlobalSection(SolutionProperties) = preSolution
		HideSolutionNode = FALSE
	EndGlobalSection
	GlobalSection(ExtensibilityGlobals) = postSolution
		SolutionGuid = {69B5623A-92A1-4D50-9200-55772D61D22E}
	EndGlobalSection
EndGlobal
